{
    "name": "banano.network",
    "version": "1.0.0",
    "lockfileVersion": 1,
    "requires": true,
    "dependencies": {
        "banano.parser": {
            "version": "git+https://github.com/anzerr/banano.parser.git#792a29b5c7e50139c51b50e4775bf6c25a6ad2f2",
            "requires": {
                "banano.pow": "git+https://github.com/anzerr/banano.pow.git#637c25c899ded50e2e800e487c9cb1799f661f47",
                "bignumber": "1.1.0",
                "blake2b": "git+https://github.com/anzerr/blake2b.git#9d180f5ae95922df6c664e877e4a2109cba275de",
                "nacl": "git+https://github.com/anzerr/nacl.git#40cdf0c75de09b73b1d431e0992fabfc734e7daf",
                "uint": "git+https://github.com/anzerr/uint.git#c2c6dd844dd1414819484e76bd80230f5b0c1f5d"
            }
        },
        "banano.pow": {
            "version": "git+https://github.com/anzerr/banano.pow.git#637c25c899ded50e2e800e487c9cb1799f661f47",
            "requires": {
                "blake2b": "git+https://github.com/anzerr/blake2b.git#9d180f5ae95922df6c664e877e4a2109cba275de",
                "uint": "git+https://github.com/anzerr/uint.git#c2c6dd844dd1414819484e76bd80230f5b0c1f5d"
            }
        },
        "bignumber": {
            "version": "1.1.0",
            "resolved": "https://registry.npmjs.org/bignumber/-/bignumber-1.1.0.tgz",
            "integrity": "sha1-5qsKdD2l8+oBjlwXWX0SH3howVk="
        },
        "blake2b": {
            "version": "git+https://github.com/anzerr/blake2b.git#9d180f5ae95922df6c664e877e4a2109cba275de"
        },
        "nacl": {
            "version": "git+https://github.com/anzerr/nacl.git#40cdf0c75de09b73b1d431e0992fabfc734e7daf",
            "requires": {
                "blake2b": "git+https://github.com/anzerr/blake2b.git#9d180f5ae95922df6c664e877e4a2109cba275de"
            }
        },
        "uint": {
            "version": "git+https://github.com/anzerr/uint.git#c2c6dd844dd1414819484e76bd80230f5b0c1f5d"
        }
    }
}
