{
	"name": "banano.network",
	"version": "1.0.12",
	"lockfileVersion": 1,
	"requires": true,
	"dependencies": {
		"banano.account": {
			"version": "git+https://github.com/anzerr/banano.account.git#ea2ecbcd674023e6e89b314b7f3b3ddc2f2f1ce0",
			"from": "git+https://github.com/anzerr/banano.account.git",
			"requires": {
				"blake2b": "git+https://github.com/anzerr/blake2b.git",
				"nacl": "git+https://github.com/anzerr/nacl.git",
				"uint": "git+https://github.com/anzerr/uint.git"
			}
		},
		"banano.parser": {
			"version": "git+https://github.com/anzerr/banano.parser.git#5ac9235bc30d2723c85ffd022bc75b02a4d8fbbc",
			"from": "git+https://github.com/anzerr/banano.parser.git",
			"requires": {
				"banano.pow": "git+https://github.com/anzerr/banano.pow.git",
				"blake2b": "git+https://github.com/anzerr/blake2b.git",
				"nacl": "git+https://github.com/anzerr/nacl.git",
				"uint": "git+https://github.com/anzerr/uint.git"
			}
		},
		"banano.pow": {
			"version": "git+https://github.com/anzerr/banano.pow.git#8f5a67dfa2acbf43a48a2d2d78cedb289cb38639",
			"from": "git+https://github.com/anzerr/banano.pow.git",
			"requires": {
				"blake2b": "git+https://github.com/anzerr/blake2b.git"
			}
		},
		"blake2b": {
			"version": "git+https://github.com/anzerr/blake2b.git#1cae292ca99ec625df3c4cdd592ee09ff2bc462f",
			"from": "git+https://github.com/anzerr/blake2b.git"
		},
		"nacl": {
			"version": "git+https://github.com/anzerr/nacl.git#a564969f1543f6fa1e810df4360d8b098c76b8b3",
			"from": "git+https://github.com/anzerr/nacl.git",
			"requires": {
				"blake2b": "git+https://github.com/anzerr/blake2b.git"
			}
		},
		"uint": {
			"version": "git+https://github.com/anzerr/uint.git#f6a503306bae010b0470c44a21a21305b54429ed",
			"from": "git+https://github.com/anzerr/uint.git"
		}
	}
}
